
Microsoft Visual Studio Solution File, Format Version 12.00
# Visual Studio Version 17
VisualStudioVersion = 17.2.32630.192
MinimumVisualStudioVersion = 10.0.40219.1
Project("{FAE04EC0-301F-11D3-BF4B-00C04F79EFBC}") = "Gallery art 3", "Gallery art 3\Gallery art 3.csproj", "{31606E59-0ED2-4869-9D45-B0B5B151A419}"
EndProject
Project("{FAE04EC0-301F-11D3-BF4B-00C04F79EFBC}") = "common", "common\common.csproj", "{B23C0BDE-4751-43E3-BDEC-4C898E69E548}"
EndProject
Global
	GlobalSection(SolutionConfigurationPlatforms) = preSolution
		Debug|Any CPU = Debug|Any CPU
		Release|Any CPU = Release|Any CPU
	EndGlobalSection
	GlobalSection(ProjectConfigurationPlatforms) = postSolution
		{31606E59-0ED2-4869-9D45-B0B5B151A419}.Debug|Any CPU.ActiveCfg = Debug|Any CPU
		{31606E59-0ED2-4869-9D45-B0B5B151A419}.Debug|Any CPU.Build.0 = Debug|Any CPU
		{31606E59-0ED2-4869-9D45-B0B5B151A419}.Release|Any CPU.ActiveCfg = Release|Any CPU
		{31606E59-0ED2-4869-9D45-B0B5B151A419}.Release|Any CPU.Build.0 = Release|Any CPU
		{B23C0BDE-4751-43E3-BDEC-4C898E69E548}.Debug|Any CPU.ActiveCfg = Debug|Any CPU
		{B23C0BDE-4751-43E3-BDEC-4C898E69E548}.Debug|Any CPU.Build.0 = Debug|Any CPU
		{B23C0BDE-4751-43E3-BDEC-4C898E69E548}.Release|Any CPU.ActiveCfg = Release|Any CPU
		{B23C0BDE-4751-43E3-BDEC-4C898E69E548}.Release|Any CPU.Build.0 = Release|Any CPU
	EndGlobalSection
	GlobalSection(SolutionProperties) = preSolution
		HideSolutionNode = FALSE
	EndGlobalSection
	GlobalSection(ExtensibilityGlobals) = postSolution
		SolutionGuid = {1DC816D7-9167-49EA-BF52-9FB80F073997}
	EndGlobalSection
EndGlobal
